
Microsoft Visual Studio Solution File, Format Version 11.00
# Visual Studio 2010
Project("{FAE04EC0-301F-11D3-BF4B-00C04F79EFBC}") = "ARenvironmentTest", "Assembly-CSharp.csproj", "{6428EB99-78D4-AA4A-B0F5-FC1D34794786}"
EndProject
Project("{FAE04EC0-301F-11D3-BF4B-00C04F79EFBC}") = "ARenvironmentTest", "Assembly-CSharp-Editor.csproj", "{EB54A5E2-04E1-E69E-DB65-858766AEA026}"
EndProject
Project("{FAE04EC0-301F-11D3-BF4B-00C04F79EFBC}") = "ARenvironmentTest", "Assembly-UnityScript-Editor-firstpass.unityproj", "{8F8F5756-E50E-34B7-0655-EF0ECB5F02AB}"
EndProject
Global
	GlobalSection(SolutionConfigurationPlatforms) = preSolution
		Debug|Any CPU = Debug|Any CPU
		Release|Any CPU = Release|Any CPU
	EndGlobalSection
	GlobalSection(ProjectConfigurationPlatforms) = postSolution
		{6428EB99-78D4-AA4A-B0F5-FC1D34794786}.Debug|Any CPU.ActiveCfg = Debug|Any CPU
		{6428EB99-78D4-AA4A-B0F5-FC1D34794786}.Debug|Any CPU.Build.0 = Debug|Any CPU
		{6428EB99-78D4-AA4A-B0F5-FC1D34794786}.Release|Any CPU.ActiveCfg = Release|Any CPU
		{6428EB99-78D4-AA4A-B0F5-FC1D34794786}.Release|Any CPU.Build.0 = Release|Any CPU
		{EB54A5E2-04E1-E69E-DB65-858766AEA026}.Debug|Any CPU.ActiveCfg = Debug|Any CPU
		{EB54A5E2-04E1-E69E-DB65-858766AEA026}.Debug|Any CPU.Build.0 = Debug|Any CPU
		{EB54A5E2-04E1-E69E-DB65-858766AEA026}.Release|Any CPU.ActiveCfg = Release|Any CPU
		{EB54A5E2-04E1-E69E-DB65-858766AEA026}.Release|Any CPU.Build.0 = Release|Any CPU
		{8F8F5756-E50E-34B7-0655-EF0ECB5F02AB}.Debug|Any CPU.ActiveCfg = Debug|Any CPU
		{8F8F5756-E50E-34B7-0655-EF0ECB5F02AB}.Debug|Any CPU.Build.0 = Debug|Any CPU
		{8F8F5756-E50E-34B7-0655-EF0ECB5F02AB}.Release|Any CPU.ActiveCfg = Release|Any CPU
		{8F8F5756-E50E-34B7-0655-EF0ECB5F02AB}.Release|Any CPU.Build.0 = Release|Any CPU
	EndGlobalSection
	GlobalSection(SolutionProperties) = preSolution
		HideSolutionNode = FALSE
	EndGlobalSection
	GlobalSection(MonoDevelopProperties) = preSolution
		StartupItem = Assembly-CSharp.csproj
	EndGlobalSection
EndGlobal
