
Microsoft Visual Studio Solution File, Format Version 12.00
# Visual Studio 2015
Project("{FAE04EC0-301F-11D3-BF4B-00C04F79EFBC}") = "Neural_AR_2017", "Neural_AR_2017.csproj", "{F3A8F7B5-C091-878E-1F0A-697F2ACA2650}"
EndProject
Project("{FAE04EC0-301F-11D3-BF4B-00C04F79EFBC}") = "Neural_AR_2017.Editor", "Neural_AR_2017.Editor.csproj", "{C4861875-E381-3CCC-1884-AC7152D36414}"
EndProject
Global
	GlobalSection(SolutionConfigurationPlatforms) = preSolution
		Debug|Any CPU = Debug|Any CPU
		Release|Any CPU = Release|Any CPU
	EndGlobalSection
	GlobalSection(ProjectConfigurationPlatforms) = postSolution
		{F3A8F7B5-C091-878E-1F0A-697F2ACA2650}.Debug|Any CPU.ActiveCfg = Debug|Any CPU
		{F3A8F7B5-C091-878E-1F0A-697F2ACA2650}.Debug|Any CPU.Build.0 = Debug|Any CPU
		{F3A8F7B5-C091-878E-1F0A-697F2ACA2650}.Release|Any CPU.ActiveCfg = Release|Any CPU
		{F3A8F7B5-C091-878E-1F0A-697F2ACA2650}.Release|Any CPU.Build.0 = Release|Any CPU
		{C4861875-E381-3CCC-1884-AC7152D36414}.Debug|Any CPU.ActiveCfg = Debug|Any CPU
		{C4861875-E381-3CCC-1884-AC7152D36414}.Debug|Any CPU.Build.0 = Debug|Any CPU
		{C4861875-E381-3CCC-1884-AC7152D36414}.Release|Any CPU.ActiveCfg = Release|Any CPU
		{C4861875-E381-3CCC-1884-AC7152D36414}.Release|Any CPU.Build.0 = Release|Any CPU
	EndGlobalSection
	GlobalSection(SolutionProperties) = preSolution
		HideSolutionNode = FALSE
	EndGlobalSection
EndGlobal
